
Microsoft Visual Studio Solution File, Format Version 12.00
# Visual Studio 15
VisualStudioVersion = 15.0.28010.2003
MinimumVisualStudioVersion = 10.0.40219.1
Project("{9A19103F-16F7-4668-BE54-9A1E7A4F7556}") = "AhmadsBank", "AhmadsBank\AhmadsBank.csproj", "{D75DF4D4-2F30-4450-98E0-5BB8EFD787BA}"
EndProject
Project("{FAE04EC0-301F-11D3-BF4B-00C04F79EFBC}") = "AhmadsBankTest", "AhmadsBankTest\AhmadsBankTest.csproj", "{A7DD1C43-657E-4319-B4D7-19EDD2827EED}"
EndProject
Global
	GlobalSection(SolutionConfigurationPlatforms) = preSolution
		Debug|Any CPU = Debug|Any CPU
		Release|Any CPU = Release|Any CPU
	EndGlobalSection
	GlobalSection(ProjectConfigurationPlatforms) = postSolution
		{D75DF4D4-2F30-4450-98E0-5BB8EFD787BA}.Debug|Any CPU.ActiveCfg = Debug|Any CPU
		{D75DF4D4-2F30-4450-98E0-5BB8EFD787BA}.Debug|Any CPU.Build.0 = Debug|Any CPU
		{D75DF4D4-2F30-4450-98E0-5BB8EFD787BA}.Release|Any CPU.ActiveCfg = Release|Any CPU
		{D75DF4D4-2F30-4450-98E0-5BB8EFD787BA}.Release|Any CPU.Build.0 = Release|Any CPU
		{A7DD1C43-657E-4319-B4D7-19EDD2827EED}.Debug|Any CPU.ActiveCfg = Debug|Any CPU
		{A7DD1C43-657E-4319-B4D7-19EDD2827EED}.Debug|Any CPU.Build.0 = Debug|Any CPU
		{A7DD1C43-657E-4319-B4D7-19EDD2827EED}.Release|Any CPU.ActiveCfg = Release|Any CPU
		{A7DD1C43-657E-4319-B4D7-19EDD2827EED}.Release|Any CPU.Build.0 = Release|Any CPU
	EndGlobalSection
	GlobalSection(SolutionProperties) = preSolution
		HideSolutionNode = FALSE
	EndGlobalSection
	GlobalSection(ExtensibilityGlobals) = postSolution
		SolutionGuid = {7F1DFDB4-F7B0-4622-A2AD-19297AA372D8}
	EndGlobalSection
EndGlobal
